
Microsoft Visual Studio Solution File, Format Version 12.00
# Visual Studio 15
VisualStudioVersion = 15.0.26124.0
MinimumVisualStudioVersion = 15.0.26124.0
Project("{2150E333-8FDC-42A3-9474-1A3956D46DE8}") = "src", "src", "{32EC7D61-C63F-4397-8223-AAFFB60A5889}"
EndProject
Project("{FAE04EC0-301F-11D3-BF4B-00C04F79EFBC}") = "AppMailRelay", "src\AppMailRelay\AppMailRelay.csproj", "{4622C40C-8EAE-4C2A-9897-D1BFCB05048F}"
EndProject
Project("{FAE04EC0-301F-11D3-BF4B-00C04F79EFBC}") = "AppMailClient", "src\AppMailClient\AppMailClient.csproj", "{8D860B9D-2F42-418D-919B-9F4F5EC10A68}"
EndProject
Project("{FAE04EC0-301F-11D3-BF4B-00C04F79EFBC}") = "AppSmtpRelay", "src\AppSmtpRelay\AppSmtpRelay.csproj", "{8BEA39A3-E6D0-498A-91D5-8FF72B1CCFB0}"
EndProject
Global
	GlobalSection(SolutionConfigurationPlatforms) = preSolution
		Debug|Any CPU = Debug|Any CPU
		Debug|x64 = Debug|x64
		Debug|x86 = Debug|x86
		Release|Any CPU = Release|Any CPU
		Release|x64 = Release|x64
		Release|x86 = Release|x86
	EndGlobalSection
	GlobalSection(SolutionProperties) = preSolution
		HideSolutionNode = FALSE
	EndGlobalSection
	GlobalSection(ProjectConfigurationPlatforms) = postSolution
		{4622C40C-8EAE-4C2A-9897-D1BFCB05048F}.Debug|Any CPU.ActiveCfg = Debug|Any CPU
		{4622C40C-8EAE-4C2A-9897-D1BFCB05048F}.Debug|Any CPU.Build.0 = Debug|Any CPU
		{4622C40C-8EAE-4C2A-9897-D1BFCB05048F}.Debug|x64.ActiveCfg = Debug|x64
		{4622C40C-8EAE-4C2A-9897-D1BFCB05048F}.Debug|x64.Build.0 = Debug|x64
		{4622C40C-8EAE-4C2A-9897-D1BFCB05048F}.Debug|x86.ActiveCfg = Debug|x86
		{4622C40C-8EAE-4C2A-9897-D1BFCB05048F}.Debug|x86.Build.0 = Debug|x86
		{4622C40C-8EAE-4C2A-9897-D1BFCB05048F}.Release|Any CPU.ActiveCfg = Release|Any CPU
		{4622C40C-8EAE-4C2A-9897-D1BFCB05048F}.Release|Any CPU.Build.0 = Release|Any CPU
		{4622C40C-8EAE-4C2A-9897-D1BFCB05048F}.Release|x64.ActiveCfg = Release|x64
		{4622C40C-8EAE-4C2A-9897-D1BFCB05048F}.Release|x64.Build.0 = Release|x64
		{4622C40C-8EAE-4C2A-9897-D1BFCB05048F}.Release|x86.ActiveCfg = Release|x86
		{4622C40C-8EAE-4C2A-9897-D1BFCB05048F}.Release|x86.Build.0 = Release|x86
		{8D860B9D-2F42-418D-919B-9F4F5EC10A68}.Debug|Any CPU.ActiveCfg = Debug|Any CPU
		{8D860B9D-2F42-418D-919B-9F4F5EC10A68}.Debug|Any CPU.Build.0 = Debug|Any CPU
		{8D860B9D-2F42-418D-919B-9F4F5EC10A68}.Debug|x64.ActiveCfg = Debug|Any CPU
		{8D860B9D-2F42-418D-919B-9F4F5EC10A68}.Debug|x64.Build.0 = Debug|Any CPU
		{8D860B9D-2F42-418D-919B-9F4F5EC10A68}.Debug|x86.ActiveCfg = Debug|Any CPU
		{8D860B9D-2F42-418D-919B-9F4F5EC10A68}.Debug|x86.Build.0 = Debug|Any CPU
		{8D860B9D-2F42-418D-919B-9F4F5EC10A68}.Release|Any CPU.ActiveCfg = Release|Any CPU
		{8D860B9D-2F42-418D-919B-9F4F5EC10A68}.Release|Any CPU.Build.0 = Release|Any CPU
		{8D860B9D-2F42-418D-919B-9F4F5EC10A68}.Release|x64.ActiveCfg = Release|Any CPU
		{8D860B9D-2F42-418D-919B-9F4F5EC10A68}.Release|x64.Build.0 = Release|Any CPU
		{8D860B9D-2F42-418D-919B-9F4F5EC10A68}.Release|x86.ActiveCfg = Release|Any CPU
		{8D860B9D-2F42-418D-919B-9F4F5EC10A68}.Release|x86.Build.0 = Release|Any CPU
		{8BEA39A3-E6D0-498A-91D5-8FF72B1CCFB0}.Debug|Any CPU.ActiveCfg = Debug|Any CPU
		{8BEA39A3-E6D0-498A-91D5-8FF72B1CCFB0}.Debug|Any CPU.Build.0 = Debug|Any CPU
		{8BEA39A3-E6D0-498A-91D5-8FF72B1CCFB0}.Debug|x64.ActiveCfg = Debug|Any CPU
		{8BEA39A3-E6D0-498A-91D5-8FF72B1CCFB0}.Debug|x64.Build.0 = Debug|Any CPU
		{8BEA39A3-E6D0-498A-91D5-8FF72B1CCFB0}.Debug|x86.ActiveCfg = Debug|Any CPU
		{8BEA39A3-E6D0-498A-91D5-8FF72B1CCFB0}.Debug|x86.Build.0 = Debug|Any CPU
		{8BEA39A3-E6D0-498A-91D5-8FF72B1CCFB0}.Release|Any CPU.ActiveCfg = Release|Any CPU
		{8BEA39A3-E6D0-498A-91D5-8FF72B1CCFB0}.Release|Any CPU.Build.0 = Release|Any CPU
		{8BEA39A3-E6D0-498A-91D5-8FF72B1CCFB0}.Release|x64.ActiveCfg = Release|Any CPU
		{8BEA39A3-E6D0-498A-91D5-8FF72B1CCFB0}.Release|x64.Build.0 = Release|Any CPU
		{8BEA39A3-E6D0-498A-91D5-8FF72B1CCFB0}.Release|x86.ActiveCfg = Release|Any CPU
		{8BEA39A3-E6D0-498A-91D5-8FF72B1CCFB0}.Release|x86.Build.0 = Release|Any CPU
	EndGlobalSection
	GlobalSection(NestedProjects) = preSolution
		{4622C40C-8EAE-4C2A-9897-D1BFCB05048F} = {32EC7D61-C63F-4397-8223-AAFFB60A5889}
		{8D860B9D-2F42-418D-919B-9F4F5EC10A68} = {32EC7D61-C63F-4397-8223-AAFFB60A5889}
		{8BEA39A3-E6D0-498A-91D5-8FF72B1CCFB0} = {32EC7D61-C63F-4397-8223-AAFFB60A5889}
	EndGlobalSection
EndGlobal
